// !$*UTF8*$!
{
	archiveVersion = 1;
	classes = {
	};
	objectVersion = 48;
	objects = {

/* Begin PBXBuildFile section */
		2F53732A20163CEB008C9B97 /* HoraViewController.swift in Sources */ = {isa = PBXBuildFile; fileRef = 2F53732920163CEB008C9B97 /* HoraViewController.swift */; };
		2F53732B20163CEB008C9B97 /* HoraViewController.swift in Sources */ = {isa = PBXBuildFile; fileRef = 2F53732920163CEB008C9B97 /* HoraViewController.swift */; };
		2F53732C20163CEB008C9B97 /* HoraViewController.swift in Sources */ = {isa = PBXBuildFile; fileRef = 2F53732920163CEB008C9B97 /* HoraViewController.swift */; };
		2F7AE39F2005097400CB0492 /* ControladorLogica.swift in Sources */ = {isa = PBXBuildFile; fileRef = 2F7AE39E2005097400CB0492 /* ControladorLogica.swift */; };
		2F7AE3A1200519EA00CB0492 /* TbHora.swift in Sources */ = {isa = PBXBuildFile; fileRef = 2F7AE3A0200519EA00CB0492 /* TbHora.swift */; };
		2F7AE3A320051A0600CB0492 /* TbProyecto.swift in Sources */ = {isa = PBXBuildFile; fileRef = 2F7AE3A220051A0600CB0492 /* TbProyecto.swift */; };
		2FC8A4741FEAAA2900EEAEC9 /* PresenterProyecto.swift in Sources */ = {isa = PBXBuildFile; fileRef = 2FC8A4731FEAAA2900EEAEC9 /* PresenterProyecto.swift */; };
		2FCBE61F200D314F005B6E8E /* PresenterSemana.swift in Sources */ = {isa = PBXBuildFile; fileRef = DE7D25831FDEC09E003B0F4C /* PresenterSemana.swift */; };
		2FCBE620200D385A005B6E8E /* PresenterSemana.swift in Sources */ = {isa = PBXBuildFile; fileRef = DE7D25831FDEC09E003B0F4C /* PresenterSemana.swift */; };
		2FCBE621200D3B98005B6E8E /* Views.swift in Sources */ = {isa = PBXBuildFile; fileRef = DE7D25861FDEDFC5003B0F4C /* Views.swift */; };
		2FCBE622200D3BA0005B6E8E /* Views.swift in Sources */ = {isa = PBXBuildFile; fileRef = DE7D25861FDEDFC5003B0F4C /* Views.swift */; };
		2FCBE623200D3BD2005B6E8E /* domain.swift in Sources */ = {isa = PBXBuildFile; fileRef = DE0E04AC1FD16E1200AE0D7F /* domain.swift */; };
		2FCBE624200D3BDD005B6E8E /* domain.swift in Sources */ = {isa = PBXBuildFile; fileRef = DE0E04AC1FD16E1200AE0D7F /* domain.swift */; };
		2FCF295820110274006FD735 /* ApiClient.swift in Sources */ = {isa = PBXBuildFile; fileRef = 2FCF295720110274006FD735 /* ApiClient.swift */; };
		2FCF295A201140E6006FD735 /* Utils.swift in Sources */ = {isa = PBXBuildFile; fileRef = 2FCF2959201140E6006FD735 /* Utils.swift */; };
		2FCF295B201140E6006FD735 /* Utils.swift in Sources */ = {isa = PBXBuildFile; fileRef = 2FCF2959201140E6006FD735 /* Utils.swift */; };
		2FCF295C201140E6006FD735 /* Utils.swift in Sources */ = {isa = PBXBuildFile; fileRef = 2FCF2959201140E6006FD735 /* Utils.swift */; };
		2FF6D124201925A400199DA2 /* AjustesViewController.swift in Sources */ = {isa = PBXBuildFile; fileRef = 2FF6D123201925A400199DA2 /* AjustesViewController.swift */; };
		2FF6D125201925A400199DA2 /* AjustesViewController.swift in Sources */ = {isa = PBXBuildFile; fileRef = 2FF6D123201925A400199DA2 /* AjustesViewController.swift */; };
		2FF6D126201925A400199DA2 /* AjustesViewController.swift in Sources */ = {isa = PBXBuildFile; fileRef = 2FF6D123201925A400199DA2 /* AjustesViewController.swift */; };
		7C822424D84AF4082D7FF792 /* Pods_tsummary.framework in Frameworks */ = {isa = PBXBuildFile; fileRef = 736487D32E6972B32711EBB5 /* Pods_tsummary.framework */; };
		DE0E047C1FD0B16D00AE0D7F /* AppDelegate.swift in Sources */ = {isa = PBXBuildFile; fileRef = DE0E047B1FD0B16D00AE0D7F /* AppDelegate.swift */; };
		DE0E047E1FD0B16D00AE0D7F /* ViewController.swift in Sources */ = {isa = PBXBuildFile; fileRef = DE0E047D1FD0B16D00AE0D7F /* ViewController.swift */; };
		DE0E04811FD0B16D00AE0D7F /* Main.storyboard in Resources */ = {isa = PBXBuildFile; fileRef = DE0E047F1FD0B16D00AE0D7F /* Main.storyboard */; };
		DE0E04831FD0B16D00AE0D7F /* Assets.xcassets in Resources */ = {isa = PBXBuildFile; fileRef = DE0E04821FD0B16D00AE0D7F /* Assets.xcassets */; };
		DE0E04861FD0B16D00AE0D7F /* LaunchScreen.storyboard in Resources */ = {isa = PBXBuildFile; fileRef = DE0E04841FD0B16D00AE0D7F /* LaunchScreen.storyboard */; };
		DE0E04911FD0B16E00AE0D7F /* tsummaryTests.swift in Sources */ = {isa = PBXBuildFile; fileRef = DE0E04901FD0B16E00AE0D7F /* tsummaryTests.swift */; };
		DE0E049C1FD0B16E00AE0D7F /* tsummaryUITests.swift in Sources */ = {isa = PBXBuildFile; fileRef = DE0E049B1FD0B16E00AE0D7F /* tsummaryUITests.swift */; };
		DE0E04AD1FD16E1200AE0D7F /* domain.swift in Sources */ = {isa = PBXBuildFile; fileRef = DE0E04AC1FD16E1200AE0D7F /* domain.swift */; };
		DE1EF4A91FD97E5100CD60A8 /* SchedulerViewController.swift in Sources */ = {isa = PBXBuildFile; fileRef = DE1EF4A81FD97E5000CD60A8 /* SchedulerViewController.swift */; };
		DE1EF4AF1FD98A8C00CD60A8 /* CustomCell.swift in Sources */ = {isa = PBXBuildFile; fileRef = DE1EF4AE1FD98A8C00CD60A8 /* CustomCell.swift */; };
		DE7D25841FDEC09E003B0F4C /* PresenterSemana.swift in Sources */ = {isa = PBXBuildFile; fileRef = DE7D25831FDEC09E003B0F4C /* PresenterSemana.swift */; };
		DE7D25871FDEDFC5003B0F4C /* Views.swift in Sources */ = {isa = PBXBuildFile; fileRef = DE7D25861FDEDFC5003B0F4C /* Views.swift */; };
		DE7D258D1FE02E99003B0F4C /* TVCDetalleHora.swift in Sources */ = {isa = PBXBuildFile; fileRef = DE7D258C1FE02E99003B0F4C /* TVCDetalleHora.swift */; };
		DE7D258F1FE02F60003B0F4C /* PresenterHora.swift in Sources */ = {isa = PBXBuildFile; fileRef = DE7D258E1FE02F60003B0F4C /* PresenterHora.swift */; };
		DE7D25921FE0639E003B0F4C /* DataBase.swift in Sources */ = {isa = PBXBuildFile; fileRef = DE7D25911FE0639E003B0F4C /* DataBase.swift */; };
		DEBC4BAA1FE2F3C900B146E7 /* CustomTabBarController.swift in Sources */ = {isa = PBXBuildFile; fileRef = DEBC4BA91FE2F3C800B146E7 /* CustomTabBarController.swift */; };
		DEF3B6041FD57D9400437BD7 /* TbUsuario.swift in Sources */ = {isa = PBXBuildFile; fileRef = DEF3B6031FD57D9400437BD7 /* TbUsuario.swift */; };
/* End PBXBuildFile section */

/* Begin PBXContainerItemProxy section */
		DE0E048D1FD0B16D00AE0D7F /* PBXContainerItemProxy */ = {
			isa = PBXContainerItemProxy;
			containerPortal = DE0E04701FD0B16D00AE0D7F /* Project object */;
			proxyType = 1;
			remoteGlobalIDString = DE0E04771FD0B16D00AE0D7F;
			remoteInfo = tsummary;
		};
		DE0E04981FD0B16E00AE0D7F /* PBXContainerItemProxy */ = {
			isa = PBXContainerItemProxy;
			containerPortal = DE0E04701FD0B16D00AE0D7F /* Project object */;
			proxyType = 1;
			remoteGlobalIDString = DE0E04771FD0B16D00AE0D7F;
			remoteInfo = tsummary;
		};
/* End PBXContainerItemProxy section */

/* Begin PBXFileReference section */
		2F53732920163CEB008C9B97 /* HoraViewController.swift */ = {isa = PBXFileReference; lastKnownFileType = sourcecode.swift; path = HoraViewController.swift; sourceTree = "<group>"; };
		2F53732E201642F8008C9B97 /* SearchTextField.framework */ = {isa = PBXFileReference; explicitFileType = wrapper.framework; path = SearchTextField.framework; sourceTree = BUILT_PRODUCTS_DIR; };
		2F7AE39E2005097400CB0492 /* ControladorLogica.swift */ = {isa = PBXFileReference; lastKnownFileType = sourcecode.swift; path = ControladorLogica.swift; sourceTree = "<group>"; };
		2F7AE3A0200519EA00CB0492 /* TbHora.swift */ = {isa = PBXFileReference; lastKnownFileType = sourcecode.swift; path = TbHora.swift; sourceTree = "<group>"; };
		2F7AE3A220051A0600CB0492 /* TbProyecto.swift */ = {isa = PBXFileReference; lastKnownFileType = sourcecode.swift; path = TbProyecto.swift; sourceTree = "<group>"; };
		2F8C72BA200D058600FFD00A /* presenterTests.swift */ = {isa = PBXFileReference; lastKnownFileType = sourcecode.swift; path = presenterTests.swift; sourceTree = "<group>"; };
		2F8C72BC200D058600FFD00A /* Info.plist */ = {isa = PBXFileReference; lastKnownFileType = text.plist.xml; path = Info.plist; sourceTree = "<group>"; };
		2FC8A4731FEAAA2900EEAEC9 /* PresenterProyecto.swift */ = {isa = PBXFileReference; lastKnownFileType = sourcecode.swift; path = PresenterProyecto.swift; sourceTree = "<group>"; };
		2FCF295720110274006FD735 /* ApiClient.swift */ = {isa = PBXFileReference; fileEncoding = 4; lastKnownFileType = sourcecode.swift; path = ApiClient.swift; sourceTree = "<group>"; };
		2FCF2959201140E6006FD735 /* Utils.swift */ = {isa = PBXFileReference; lastKnownFileType = sourcecode.swift; path = Utils.swift; sourceTree = "<group>"; };
		2FF6D123201925A400199DA2 /* AjustesViewController.swift */ = {isa = PBXFileReference; lastKnownFileType = sourcecode.swift; path = AjustesViewController.swift; sourceTree = "<group>"; };
		736487D32E6972B32711EBB5 /* Pods_tsummary.framework */ = {isa = PBXFileReference; explicitFileType = wrapper.framework; includeInIndex = 0; path = Pods_tsummary.framework; sourceTree = BUILT_PRODUCTS_DIR; };
		9E669E2A57C65519495E3E9B /* Pods-tsummary.debug.xcconfig */ = {isa = PBXFileReference; includeInIndex = 1; lastKnownFileType = text.xcconfig; name = "Pods-tsummary.debug.xcconfig"; path = "Pods/Target Support Files/Pods-tsummary/Pods-tsummary.debug.xcconfig"; sourceTree = "<group>"; };
		C2440E834DDF8A7D8B3F8320 /* Pods_tsummaryTests.framework */ = {isa = PBXFileReference; explicitFileType = wrapper.framework; includeInIndex = 0; path = Pods_tsummaryTests.framework; sourceTree = BUILT_PRODUCTS_DIR; };
		C77F77B21BE56910049CD9EC /* Pods-tsummary.release.xcconfig */ = {isa = PBXFileReference; includeInIndex = 1; lastKnownFileType = text.xcconfig; name = "Pods-tsummary.release.xcconfig"; path = "Pods/Target Support Files/Pods-tsummary/Pods-tsummary.release.xcconfig"; sourceTree = "<group>"; };
		D7BA85ED8887EE4828479935 /* Pods_tsummaryUITests.framework */ = {isa = PBXFileReference; explicitFileType = wrapper.framework; includeInIndex = 0; path = Pods_tsummaryUITests.framework; sourceTree = BUILT_PRODUCTS_DIR; };
		DE0E04781FD0B16D00AE0D7F /* tsummary.app */ = {isa = PBXFileReference; explicitFileType = wrapper.application; includeInIndex = 0; path = tsummary.app; sourceTree = BUILT_PRODUCTS_DIR; };
		DE0E047B1FD0B16D00AE0D7F /* AppDelegate.swift */ = {isa = PBXFileReference; lastKnownFileType = sourcecode.swift; path = AppDelegate.swift; sourceTree = "<group>"; };
		DE0E047D1FD0B16D00AE0D7F /* ViewController.swift */ = {isa = PBXFileReference; lastKnownFileType = sourcecode.swift; path = ViewController.swift; sourceTree = "<group>"; };
		DE0E04801FD0B16D00AE0D7F /* Base */ = {isa = PBXFileReference; lastKnownFileType = file.storyboard; name = Base; path = Base.lproj/Main.storyboard; sourceTree = "<group>"; };
		DE0E04821FD0B16D00AE0D7F /* Assets.xcassets */ = {isa = PBXFileReference; lastKnownFileType = folder.assetcatalog; path = Assets.xcassets; sourceTree = "<group>"; };
		DE0E04851FD0B16D00AE0D7F /* Base */ = {isa = PBXFileReference; lastKnownFileType = file.storyboard; name = Base; path = Base.lproj/LaunchScreen.storyboard; sourceTree = "<group>"; };
		DE0E04871FD0B16D00AE0D7F /* Info.plist */ = {isa = PBXFileReference; lastKnownFileType = text.plist.xml; path = Info.plist; sourceTree = "<group>"; };
		DE0E048C1FD0B16D00AE0D7F /* tsummaryTests.xctest */ = {isa = PBXFileReference; explicitFileType = wrapper.cfbundle; includeInIndex = 0; path = tsummaryTests.xctest; sourceTree = BUILT_PRODUCTS_DIR; };
		DE0E04901FD0B16E00AE0D7F /* tsummaryTests.swift */ = {isa = PBXFileReference; lastKnownFileType = sourcecode.swift; path = tsummaryTests.swift; sourceTree = "<group>"; };
		DE0E04921FD0B16E00AE0D7F /* Info.plist */ = {isa = PBXFileReference; lastKnownFileType = text.plist.xml; path = Info.plist; sourceTree = "<group>"; };
		DE0E04971FD0B16E00AE0D7F /* tsummaryUITests.xctest */ = {isa = PBXFileReference; explicitFileType = wrapper.cfbundle; includeInIndex = 0; path = tsummaryUITests.xctest; sourceTree = BUILT_PRODUCTS_DIR; };
		DE0E049B1FD0B16E00AE0D7F /* tsummaryUITests.swift */ = {isa = PBXFileReference; lastKnownFileType = sourcecode.swift; path = tsummaryUITests.swift; sourceTree = "<group>"; };
		DE0E049D1FD0B16E00AE0D7F /* Info.plist */ = {isa = PBXFileReference; lastKnownFileType = text.plist.xml; path = Info.plist; sourceTree = "<group>"; };
		DE0E04AC1FD16E1200AE0D7F /* domain.swift */ = {isa = PBXFileReference; lastKnownFileType = sourcecode.swift; path = domain.swift; sourceTree = "<group>"; };
		DE1EF4A81FD97E5000CD60A8 /* SchedulerViewController.swift */ = {isa = PBXFileReference; lastKnownFileType = sourcecode.swift; path = SchedulerViewController.swift; sourceTree = "<group>"; };
		DE1EF4AE1FD98A8C00CD60A8 /* CustomCell.swift */ = {isa = PBXFileReference; lastKnownFileType = sourcecode.swift; path = CustomCell.swift; sourceTree = "<group>"; };
		DE7D25831FDEC09E003B0F4C /* PresenterSemana.swift */ = {isa = PBXFileReference; lastKnownFileType = sourcecode.swift; path = PresenterSemana.swift; sourceTree = "<group>"; };
		DE7D25861FDEDFC5003B0F4C /* Views.swift */ = {isa = PBXFileReference; lastKnownFileType = sourcecode.swift; path = Views.swift; sourceTree = "<group>"; };
		DE7D258C1FE02E99003B0F4C /* TVCDetalleHora.swift */ = {isa = PBXFileReference; lastKnownFileType = sourcecode.swift; path = TVCDetalleHora.swift; sourceTree = "<group>"; };
		DE7D258E1FE02F60003B0F4C /* PresenterHora.swift */ = {isa = PBXFileReference; lastKnownFileType = sourcecode.swift; path = PresenterHora.swift; sourceTree = "<group>"; };
		DE7D25911FE0639E003B0F4C /* DataBase.swift */ = {isa = PBXFileReference; lastKnownFileType = sourcecode.swift; path = DataBase.swift; sourceTree = "<group>"; };
		DEBC4BA91FE2F3C800B146E7 /* CustomTabBarController.swift */ = {isa = PBXFileReference; lastKnownFileType = sourcecode.swift; path = CustomTabBarController.swift; sourceTree = "<group>"; };
		DEF3B6031FD57D9400437BD7 /* TbUsuario.swift */ = {isa = PBXFileReference; lastKnownFileType = sourcecode.swift; path = TbUsuario.swift; sourceTree = "<group>"; };
/* End PBXFileReference section */

/* Begin PBXFrameworksBuildPhase section */
		DE0E04751FD0B16D00AE0D7F /* Frameworks */ = {
			isa = PBXFrameworksBuildPhase;
			buildActionMask = 2147483647;
			files = (
				7C822424D84AF4082D7FF792 /* Pods_tsummary.framework in Frameworks */,
			);
			runOnlyForDeploymentPostprocessing = 0;
		};
		DE0E04891FD0B16D00AE0D7F /* Frameworks */ = {
			isa = PBXFrameworksBuildPhase;
			buildActionMask = 2147483647;
			files = (
			);
			runOnlyForDeploymentPostprocessing = 0;
		};
		DE0E04941FD0B16E00AE0D7F /* Frameworks */ = {
			isa = PBXFrameworksBuildPhase;
			buildActionMask = 2147483647;
			files = (
			);
			runOnlyForDeploymentPostprocessing = 0;
		};
/* End PBXFrameworksBuildPhase section */

/* Begin PBXGroup section */
		2F8C72B9200D058600FFD00A /* presenterTests */ = {
			isa = PBXGroup;
			children = (
				2F8C72BA200D058600FFD00A /* presenterTests.swift */,
				2F8C72BC200D058600FFD00A /* Info.plist */,
			);
			path = presenterTests;
			sourceTree = "<group>";
		};
		7308A227C9EFB69E13811868 /* Frameworks */ = {
			isa = PBXGroup;
			children = (
				2F53732E201642F8008C9B97 /* SearchTextField.framework */,
				736487D32E6972B32711EBB5 /* Pods_tsummary.framework */,
				C2440E834DDF8A7D8B3F8320 /* Pods_tsummaryTests.framework */,
				D7BA85ED8887EE4828479935 /* Pods_tsummaryUITests.framework */,
			);
			name = Frameworks;
			sourceTree = "<group>";
		};
		DD975F5CB57A730DC7B631B1 /* Pods */ = {
			isa = PBXGroup;
			children = (
				9E669E2A57C65519495E3E9B /* Pods-tsummary.debug.xcconfig */,
				C77F77B21BE56910049CD9EC /* Pods-tsummary.release.xcconfig */,
			);
			name = Pods;
			sourceTree = "<group>";
		};
		DE0E046F1FD0B16D00AE0D7F = {
			isa = PBXGroup;
			children = (
				DE7D25901FE0626E003B0F4C /* tsummary.business */,
				DEF3B6001FD57CAC00437BD7 /* tsummary.data */,
				DE0E04AB1FD16DD300AE0D7F /* tsummary.domain */,
				DE0E047A1FD0B16D00AE0D7F /* tsummary */,
				DE0E048F1FD0B16E00AE0D7F /* tsummaryTests */,
				DE0E049A1FD0B16E00AE0D7F /* tsummaryUITests */,
				2F8C72B9200D058600FFD00A /* presenterTests */,
				DE0E04791FD0B16D00AE0D7F /* Products */,
				DD975F5CB57A730DC7B631B1 /* Pods */,
				7308A227C9EFB69E13811868 /* Frameworks */,
			);
			sourceTree = "<group>";
		};
		DE0E04791FD0B16D00AE0D7F /* Products */ = {
			isa = PBXGroup;
			children = (
				DE0E04781FD0B16D00AE0D7F /* tsummary.app */,
				DE0E048C1FD0B16D00AE0D7F /* tsummaryTests.xctest */,
				DE0E04971FD0B16E00AE0D7F /* tsummaryUITests.xctest */,
			);
			name = Products;
			sourceTree = "<group>";
		};
		DE0E047A1FD0B16D00AE0D7F /* tsummary */ = {
			isa = PBXGroup;
			children = (
				DE7D25851FDEC0F2003B0F4C /* Views */,
				DE7D25821FDEC068003B0F4C /* Presenters */,
				DE0E047B1FD0B16D00AE0D7F /* AppDelegate.swift */,
				DE0E047D1FD0B16D00AE0D7F /* ViewController.swift */,
				DE0E047F1FD0B16D00AE0D7F /* Main.storyboard */,
				DE0E04821FD0B16D00AE0D7F /* Assets.xcassets */,
				DE0E04841FD0B16D00AE0D7F /* LaunchScreen.storyboard */,
				DE0E04871FD0B16D00AE0D7F /* Info.plist */,
				DE1EF4A81FD97E5000CD60A8 /* SchedulerViewController.swift */,
				DE1EF4AE1FD98A8C00CD60A8 /* CustomCell.swift */,
				DE7D258C1FE02E99003B0F4C /* TVCDetalleHora.swift */,
				DEBC4BA91FE2F3C800B146E7 /* CustomTabBarController.swift */,
				2F53732920163CEB008C9B97 /* HoraViewController.swift */,
				2FF6D123201925A400199DA2 /* AjustesViewController.swift */,
			);
			path = tsummary;
			sourceTree = "<group>";
		};
		DE0E048F1FD0B16E00AE0D7F /* tsummaryTests */ = {
			isa = PBXGroup;
			children = (
				DE0E04901FD0B16E00AE0D7F /* tsummaryTests.swift */,
				DE0E04921FD0B16E00AE0D7F /* Info.plist */,
			);
			path = tsummaryTests;
			sourceTree = "<group>";
		};
		DE0E049A1FD0B16E00AE0D7F /* tsummaryUITests */ = {
			isa = PBXGroup;
			children = (
				DE0E049B1FD0B16E00AE0D7F /* tsummaryUITests.swift */,
				DE0E049D1FD0B16E00AE0D7F /* Info.plist */,
			);
			path = tsummaryUITests;
			sourceTree = "<group>";
		};
		DE0E04AB1FD16DD300AE0D7F /* tsummary.domain */ = {
			isa = PBXGroup;
			children = (
				DE0E04AC1FD16E1200AE0D7F /* domain.swift */,
			);
			name = tsummary.domain;
			path = "New Group";
			sourceTree = "<group>";
		};
		DE7D25821FDEC068003B0F4C /* Presenters */ = {
			isa = PBXGroup;
			children = (
				DE7D25831FDEC09E003B0F4C /* PresenterSemana.swift */,
				DE7D258E1FE02F60003B0F4C /* PresenterHora.swift */,
				2FC8A4731FEAAA2900EEAEC9 /* PresenterProyecto.swift */,
			);
			path = Presenters;
			sourceTree = "<group>";
		};
		DE7D25851FDEC0F2003B0F4C /* Views */ = {
			isa = PBXGroup;
			children = (
				DE7D25861FDEDFC5003B0F4C /* Views.swift */,
			);
			path = Views;
			sourceTree = "<group>";
		};
		DE7D25901FE0626E003B0F4C /* tsummary.business */ = {
			isa = PBXGroup;
			children = (
				2F7AE39E2005097400CB0492 /* ControladorLogica.swift */,
			);
			path = tsummary.business;
			sourceTree = "<group>";
		};
		DEF3B6001FD57CAC00437BD7 /* tsummary.data */ = {
			isa = PBXGroup;
			children = (
				2F7AE3A220051A0600CB0492 /* TbProyecto.swift */,
				2F7AE3A0200519EA00CB0492 /* TbHora.swift */,
				DE7D25911FE0639E003B0F4C /* DataBase.swift */,
				2FCF295720110274006FD735 /* ApiClient.swift */,
				DEF3B6031FD57D9400437BD7 /* TbUsuario.swift */,
				2FCF2959201140E6006FD735 /* Utils.swift */,
			);
			path = tsummary.data;
			sourceTree = "<group>";
		};
/* End PBXGroup section */

/* Begin PBXNativeTarget section */
		DE0E04771FD0B16D00AE0D7F /* tsummary */ = {
			isa = PBXNativeTarget;
			buildConfigurationList = DE0E04A01FD0B16E00AE0D7F /* Build configuration list for PBXNativeTarget "tsummary" */;
			buildPhases = (
				FC490DBBCD709214D029FB65 /* [CP] Check Pods Manifest.lock */,
				DE0E04741FD0B16D00AE0D7F /* Sources */,
				DE0E04751FD0B16D00AE0D7F /* Frameworks */,
				DE0E04761FD0B16D00AE0D7F /* Resources */,
				6424626BB89C3665ECF86A21 /* [CP] Embed Pods Frameworks */,
				79DD96FB0DC4BFBF2FC02314 /* [CP] Copy Pods Resources */,
			);
			buildRules = (
			);
			dependencies = (
			);
			name = tsummary;
			productName = tsummary;
			productReference = DE0E04781FD0B16D00AE0D7F /* tsummary.app */;
			productType = "com.apple.product-type.application";
		};
		DE0E048B1FD0B16D00AE0D7F /* tsummaryTests */ = {
			isa = PBXNativeTarget;
			buildConfigurationList = DE0E04A31FD0B16E00AE0D7F /* Build configuration list for PBXNativeTarget "tsummaryTests" */;
			buildPhases = (
				DE0E04881FD0B16D00AE0D7F /* Sources */,
				DE0E04891FD0B16D00AE0D7F /* Frameworks */,
				DE0E048A1FD0B16D00AE0D7F /* Resources */,
			);
			buildRules = (
			);
			dependencies = (
				DE0E048E1FD0B16D00AE0D7F /* PBXTargetDependency */,
			);
			name = tsummaryTests;
			productName = tsummaryTests;
			productReference = DE0E048C1FD0B16D00AE0D7F /* tsummaryTests.xctest */;
			productType = "com.apple.product-type.bundle.unit-test";
		};
		DE0E04961FD0B16E00AE0D7F /* tsummaryUITests */ = {
			isa = PBXNativeTarget;
			buildConfigurationList = DE0E04A61FD0B16E00AE0D7F /* Build configuration list for PBXNativeTarget "tsummaryUITests" */;
			buildPhases = (
				DE0E04931FD0B16E00AE0D7F /* Sources */,
				DE0E04941FD0B16E00AE0D7F /* Frameworks */,
				DE0E04951FD0B16E00AE0D7F /* Resources */,
			);
			buildRules = (
			);
			dependencies = (
				DE0E04991FD0B16E00AE0D7F /* PBXTargetDependency */,
			);
			name = tsummaryUITests;
			productName = tsummaryUITests;
			productReference = DE0E04971FD0B16E00AE0D7F /* tsummaryUITests.xctest */;
			productType = "com.apple.product-type.bundle.ui-testing";
		};
/* End PBXNativeTarget section */

/* Begin PBXProject section */
		DE0E04701FD0B16D00AE0D7F /* Project object */ = {
			isa = PBXProject;
			attributes = {
				LastSwiftUpdateCheck = 0920;
				LastUpgradeCheck = 0910;
				ORGANIZATIONNAME = cariola;
				TargetAttributes = {
					DE0E04771FD0B16D00AE0D7F = {
						CreatedOnToolsVersion = 9.1;
						ProvisioningStyle = Automatic;
					};
					DE0E048B1FD0B16D00AE0D7F = {
						CreatedOnToolsVersion = 9.1;
						ProvisioningStyle = Automatic;
						TestTargetID = DE0E04771FD0B16D00AE0D7F;
					};
					DE0E04961FD0B16E00AE0D7F = {
						CreatedOnToolsVersion = 9.1;
						ProvisioningStyle = Automatic;
						TestTargetID = DE0E04771FD0B16D00AE0D7F;
					};
				};
			};
			buildConfigurationList = DE0E04731FD0B16D00AE0D7F /* Build configuration list for PBXProject "tsummary" */;
			compatibilityVersion = "Xcode 8.0";
			developmentRegion = en;
			hasScannedForEncodings = 0;
			knownRegions = (
				en,
				Base,
			);
			mainGroup = DE0E046F1FD0B16D00AE0D7F;
			productRefGroup = DE0E04791FD0B16D00AE0D7F /* Products */;
			projectDirPath = "";
			projectRoot = "";
			targets = (
				DE0E04771FD0B16D00AE0D7F /* tsummary */,
				DE0E048B1FD0B16D00AE0D7F /* tsummaryTests */,
				DE0E04961FD0B16E00AE0D7F /* tsummaryUITests */,
			);
		};
/* End PBXProject section */

/* Begin PBXResourcesBuildPhase section */
		DE0E04761FD0B16D00AE0D7F /* Resources */ = {
			isa = PBXResourcesBuildPhase;
			buildActionMask = 2147483647;
			files = (
				DE0E04861FD0B16D00AE0D7F /* LaunchScreen.storyboard in Resources */,
				DE0E04831FD0B16D00AE0D7F /* Assets.xcassets in Resources */,
				DE0E04811FD0B16D00AE0D7F /* Main.storyboard in Resources */,
			);
			runOnlyForDeploymentPostprocessing = 0;
		};
		DE0E048A1FD0B16D00AE0D7F /* Resources */ = {
			isa = PBXResourcesBuildPhase;
			buildActionMask = 2147483647;
			files = (
			);
			runOnlyForDeploymentPostprocessing = 0;
		};
		DE0E04951FD0B16E00AE0D7F /* Resources */ = {
			isa = PBXResourcesBuildPhase;
			buildActionMask = 2147483647;
			files = (
			);
			runOnlyForDeploymentPostprocessing = 0;
		};
/* End PBXResourcesBuildPhase section */

/* Begin PBXShellScriptBuildPhase section */
		6424626BB89C3665ECF86A21 /* [CP] Embed Pods Frameworks */ = {
			isa = PBXShellScriptBuildPhase;
			buildActionMask = 2147483647;
			files = (
			);
			inputPaths = (
				"${SRCROOT}/Pods/Target Support Files/Pods-tsummary/Pods-tsummary-frameworks.sh",
				"${BUILT_PRODUCTS_DIR}/SearchTextField/SearchTextField.framework",
			);
			name = "[CP] Embed Pods Frameworks";
			outputPaths = (
				"${TARGET_BUILD_DIR}/${FRAMEWORKS_FOLDER_PATH}/SearchTextField.framework",
			);
			runOnlyForDeploymentPostprocessing = 0;
			shellPath = /bin/sh;
			shellScript = "\"${SRCROOT}/Pods/Target Support Files/Pods-tsummary/Pods-tsummary-frameworks.sh\"\n";
			showEnvVarsInLog = 0;
		};
		79DD96FB0DC4BFBF2FC02314 /* [CP] Copy Pods Resources */ = {
			isa = PBXShellScriptBuildPhase;
			buildActionMask = 2147483647;
			files = (
			);
			inputPaths = (
			);
			name = "[CP] Copy Pods Resources";
			outputPaths = (
			);
			runOnlyForDeploymentPostprocessing = 0;
			shellPath = /bin/sh;
			shellScript = "\"${SRCROOT}/Pods/Target Support Files/Pods-tsummary/Pods-tsummary-resources.sh\"\n";
			showEnvVarsInLog = 0;
		};
		FC490DBBCD709214D029FB65 /* [CP] Check Pods Manifest.lock */ = {
			isa = PBXShellScriptBuildPhase;
			buildActionMask = 2147483647;
			files = (
			);
			inputPaths = (
				"${PODS_PODFILE_DIR_PATH}/Podfile.lock",
				"${PODS_ROOT}/Manifest.lock",
			);
			name = "[CP] Check Pods Manifest.lock";
			outputPaths = (
				"$(DERIVED_FILE_DIR)/Pods-tsummary-checkManifestLockResult.txt",
			);
			runOnlyForDeploymentPostprocessing = 0;
			shellPath = /bin/sh;
			shellScript = "diff \"${PODS_PODFILE_DIR_PATH}/Podfile.lock\" \"${PODS_ROOT}/Manifest.lock\" > /dev/null\nif [ $? != 0 ] ; then\n    # print error to STDERR\n    echo \"error: The sandbox is not in sync with the Podfile.lock. Run 'pod install' or update your CocoaPods installation.\" >&2\n    exit 1\nfi\n# This output is used by Xcode 'outputs' to avoid re-running this script phase.\necho \"SUCCESS\" > \"${SCRIPT_OUTPUT_FILE_0}\"\n";
			showEnvVarsInLog = 0;
		};
/* End PBXShellScriptBuildPhase section */

/* Begin PBXSourcesBuildPhase section */
		DE0E04741FD0B16D00AE0D7F /* Sources */ = {
			isa = PBXSourcesBuildPhase;
			buildActionMask = 2147483647;
			files = (
				DE7D25871FDEDFC5003B0F4C /* Views.swift in Sources */,
				DE7D258D1FE02E99003B0F4C /* TVCDetalleHora.swift in Sources */,
				2FC8A4741FEAAA2900EEAEC9 /* PresenterProyecto.swift in Sources */,
				DE1EF4AF1FD98A8C00CD60A8 /* CustomCell.swift in Sources */,
				DEF3B6041FD57D9400437BD7 /* TbUsuario.swift in Sources */,
				DE1EF4A91FD97E5100CD60A8 /* SchedulerViewController.swift in Sources */,
				2F7AE39F2005097400CB0492 /* ControladorLogica.swift in Sources */,
				DE0E047E1FD0B16D00AE0D7F /* ViewController.swift in Sources */,
				2F7AE3A320051A0600CB0492 /* TbProyecto.swift in Sources */,
				2F7AE3A1200519EA00CB0492 /* TbHora.swift in Sources */,
				DE7D25841FDEC09E003B0F4C /* PresenterSemana.swift in Sources */,
				2F53732A20163CEB008C9B97 /* HoraViewController.swift in Sources */,
				DE7D25921FE0639E003B0F4C /* DataBase.swift in Sources */,
				DE0E047C1FD0B16D00AE0D7F /* AppDelegate.swift in Sources */,
				DEBC4BAA1FE2F3C900B146E7 /* CustomTabBarController.swift in Sources */,
				2FCF295820110274006FD735 /* ApiClient.swift in Sources */,
				2FF6D124201925A400199DA2 /* AjustesViewController.swift in Sources */,
				DE0E04AD1FD16E1200AE0D7F /* domain.swift in Sources */,
				2FCF295A201140E6006FD735 /* Utils.swift in Sources */,
				DE7D258F1FE02F60003B0F4C /* PresenterHora.swift in Sources */,
			);
			runOnlyForDeploymentPostprocessing = 0;
		};
		DE0E04881FD0B16D00AE0D7F /* Sources */ = {
			isa = PBXSourcesBuildPhase;
			buildActionMask = 2147483647;
			files = (
				2FF6D125201925A400199DA2 /* AjustesViewController.swift in Sources */,
				2FCF295B201140E6006FD735 /* Utils.swift in Sources */,
				2FCBE624200D3BDD005B6E8E /* domain.swift in Sources */,
				2FCBE621200D3B98005B6E8E /* Views.swift in Sources */,
				2FCBE61F200D314F005B6E8E /* PresenterSemana.swift in Sources */,
				2F53732B20163CEB008C9B97 /* HoraViewController.swift in Sources */,
				DE0E04911FD0B16E00AE0D7F /* tsummaryTests.swift in Sources */,
			);
			runOnlyForDeploymentPostprocessing = 0;
		};
		DE0E04931FD0B16E00AE0D7F /* Sources */ = {
			isa = PBXSourcesBuildPhase;
			buildActionMask = 2147483647;
			files = (
				2FF6D126201925A400199DA2 /* AjustesViewController.swift in Sources */,
				2FCF295C201140E6006FD735 /* Utils.swift in Sources */,
				2FCBE623200D3BD2005B6E8E /* domain.swift in Sources */,
				2FCBE622200D3BA0005B6E8E /* Views.swift in Sources */,
				2FCBE620200D385A005B6E8E /* PresenterSemana.swift in Sources */,
				2F53732C20163CEB008C9B97 /* HoraViewController.swift in Sources */,
				DE0E049C1FD0B16E00AE0D7F /* tsummaryUITests.swift in Sources */,
			);
			runOnlyForDeploymentPostprocessing = 0;
		};
/* End PBXSourcesBuildPhase section */

/* Begin PBXTargetDependency section */
		DE0E048E1FD0B16D00AE0D7F /* PBXTargetDependency */ = {
			isa = PBXTargetDependency;
			target = DE0E04771FD0B16D00AE0D7F /* tsummary */;
			targetProxy = DE0E048D1FD0B16D00AE0D7F /* PBXContainerItemProxy */;
		};
		DE0E04991FD0B16E00AE0D7F /* PBXTargetDependency */ = {
			isa = PBXTargetDependency;
			target = DE0E04771FD0B16D00AE0D7F /* tsummary */;
			targetProxy = DE0E04981FD0B16E00AE0D7F /* PBXContainerItemProxy */;
		};
/* End PBXTargetDependency section */

/* Begin PBXVariantGroup section */
		DE0E047F1FD0B16D00AE0D7F /* Main.storyboard */ = {
			isa = PBXVariantGroup;
			children = (
				DE0E04801FD0B16D00AE0D7F /* Base */,
			);
			name = Main.storyboard;
			sourceTree = "<group>";
		};
		DE0E04841FD0B16D00AE0D7F /* LaunchScreen.storyboard */ = {
			isa = PBXVariantGroup;
			children = (
				DE0E04851FD0B16D00AE0D7F /* Base */,
			);
			name = LaunchScreen.storyboard;
			sourceTree = "<group>";
		};
/* End PBXVariantGroup section */

/* Begin XCBuildConfiguration section */
		DE0E049E1FD0B16E00AE0D7F /* Debug */ = {
			isa = XCBuildConfiguration;
			buildSettings = {
				ALWAYS_SEARCH_USER_PATHS = NO;
				CLANG_ANALYZER_NONNULL = YES;
				CLANG_ANALYZER_NUMBER_OBJECT_CONVERSION = YES_AGGRESSIVE;
				CLANG_CXX_LANGUAGE_STANDARD = "gnu++14";
				CLANG_CXX_LIBRARY = "libc++";
				CLANG_ENABLE_MODULES = YES;
				CLANG_ENABLE_OBJC_ARC = YES;
				CLANG_WARN_BLOCK_CAPTURE_AUTORELEASING = YES;
				CLANG_WARN_BOOL_CONVERSION = YES;
				CLANG_WARN_COMMA = YES;
				CLANG_WARN_CONSTANT_CONVERSION = YES;
				CLANG_WARN_DIRECT_OBJC_ISA_USAGE = YES_ERROR;
				CLANG_WARN_DOCUMENTATION_COMMENTS = YES;
				CLANG_WARN_EMPTY_BODY = YES;
				CLANG_WARN_ENUM_CONVERSION = YES;
				CLANG_WARN_INFINITE_RECURSION = YES;
				CLANG_WARN_INT_CONVERSION = YES;
				CLANG_WARN_NON_LITERAL_NULL_CONVERSION = YES;
				CLANG_WARN_OBJC_LITERAL_CONVERSION = YES;
				CLANG_WARN_OBJC_ROOT_CLASS = YES_ERROR;
				CLANG_WARN_RANGE_LOOP_ANALYSIS = YES;
				CLANG_WARN_STRICT_PROTOTYPES = YES;
				CLANG_WARN_SUSPICIOUS_MOVE = YES;
				CLANG_WARN_UNGUARDED_AVAILABILITY = YES_AGGRESSIVE;
				CLANG_WARN_UNREACHABLE_CODE = YES;
				CLANG_WARN__DUPLICATE_METHOD_MATCH = YES;
				CODE_SIGN_IDENTITY = "iPhone Developer";
				COPY_PHASE_STRIP = NO;
				DEBUG_INFORMATION_FORMAT = dwarf;
				ENABLE_STRICT_OBJC_MSGSEND = YES;
				ENABLE_TESTABILITY = YES;
				GCC_C_LANGUAGE_STANDARD = gnu11;
				GCC_DYNAMIC_NO_PIC = NO;
				GCC_NO_COMMON_BLOCKS = YES;
				GCC_OPTIMIZATION_LEVEL = 0;
				GCC_PREPROCESSOR_DEFINITIONS = (
					"DEBUG=1",
					"$(inherited)",
				);
				GCC_WARN_64_TO_32_BIT_CONVERSION = YES;
				GCC_WARN_ABOUT_RETURN_TYPE = YES_ERROR;
				GCC_WARN_UNDECLARED_SELECTOR = YES;
				GCC_WARN_UNINITIALIZED_AUTOS = YES_AGGRESSIVE;
				GCC_WARN_UNUSED_FUNCTION = YES;
				GCC_WARN_UNUSED_VARIABLE = YES;
				IPHONEOS_DEPLOYMENT_TARGET = 11.2;
				MTL_ENABLE_DEBUG_INFO = YES;
				ONLY_ACTIVE_ARCH = YES;
				SDKROOT = iphoneos;
				SWIFT_ACTIVE_COMPILATION_CONDITIONS = DEBUG;
				SWIFT_OPTIMIZATION_LEVEL = "-Onone";
				"VALID_ARCHS[sdk=*]" = "arm64 armv7 armv7s";
			};
			name = Debug;
		};
		DE0E049F1FD0B16E00AE0D7F /* Release */ = {
			isa = XCBuildConfiguration;
			buildSettings = {
				ALWAYS_SEARCH_USER_PATHS = NO;
				CLANG_ANALYZER_NONNULL = YES;
				CLANG_ANALYZER_NUMBER_OBJECT_CONVERSION = YES_AGGRESSIVE;
				CLANG_CXX_LANGUAGE_STANDARD = "gnu++14";
				CLANG_CXX_LIBRARY = "libc++";
				CLANG_ENABLE_MODULES = YES;
				CLANG_ENABLE_OBJC_ARC = YES;
				CLANG_WARN_BLOCK_CAPTURE_AUTORELEASING = YES;
				CLANG_WARN_BOOL_CONVERSION = YES;
				CLANG_WARN_COMMA = YES;
				CLANG_WARN_CONSTANT_CONVERSION = YES;
				CLANG_WARN_DIRECT_OBJC_ISA_USAGE = YES_ERROR;
				CLANG_WARN_DOCUMENTATION_COMMENTS = YES;
				CLANG_WARN_EMPTY_BODY = YES;
				CLANG_WARN_ENUM_CONVERSION = YES;
				CLANG_WARN_INFINITE_RECURSION = YES;
				CLANG_WARN_INT_CONVERSION = YES;
				CLANG_WARN_NON_LITERAL_NULL_CONVERSION = YES;
				CLANG_WARN_OBJC_LITERAL_CONVERSION = YES;
				CLANG_WARN_OBJC_ROOT_CLASS = YES_ERROR;
				CLANG_WARN_RANGE_LOOP_ANALYSIS = YES;
				CLANG_WARN_STRICT_PROTOTYPES = YES;
				CLANG_WARN_SUSPICIOUS_MOVE = YES;
				CLANG_WARN_UNGUARDED_AVAILABILITY = YES_AGGRESSIVE;
				CLANG_WARN_UNREACHABLE_CODE = YES;
				CLANG_WARN__DUPLICATE_METHOD_MATCH = YES;
				CODE_SIGN_IDENTITY = "iPhone Developer";
				COPY_PHASE_STRIP = NO;
				DEBUG_INFORMATION_FORMAT = "dwarf-with-dsym";
				ENABLE_NS_ASSERTIONS = NO;
				ENABLE_STRICT_OBJC_MSGSEND = YES;
				GCC_C_LANGUAGE_STANDARD = gnu11;
				GCC_NO_COMMON_BLOCKS = YES;
				GCC_WARN_64_TO_32_BIT_CONVERSION = YES;
				GCC_WARN_ABOUT_RETURN_TYPE = YES_ERROR;
				GCC_WARN_UNDECLARED_SELECTOR = YES;
				GCC_WARN_UNINITIALIZED_AUTOS = YES_AGGRESSIVE;
				GCC_WARN_UNUSED_FUNCTION = YES;
				GCC_WARN_UNUSED_VARIABLE = YES;
				IPHONEOS_DEPLOYMENT_TARGET = 11.2;
				MTL_ENABLE_DEBUG_INFO = NO;
				SDKROOT = iphoneos;
				SWIFT_OPTIMIZATION_LEVEL = "-Owholemodule";
				VALIDATE_PRODUCT = YES;
			};
			name = Release;
		};
		DE0E04A11FD0B16E00AE0D7F /* Debug */ = {
			isa = XCBuildConfiguration;
			baseConfigurationReference = 9E669E2A57C65519495E3E9B /* Pods-tsummary.debug.xcconfig */;
			buildSettings = {
				ASSETCATALOG_COMPILER_APPICON_NAME = AppIcon;
				CODE_SIGN_IDENTITY = "iPhone Developer";
				CODE_SIGN_STYLE = Automatic;
				DEVELOPMENT_TEAM = 3RMD9J6PUN;
				INFOPLIST_FILE = tsummary/Info.plist;
				IPHONEOS_DEPLOYMENT_TARGET = 11.2;
				LD_RUNPATH_SEARCH_PATHS = "$(inherited) @executable_path/Frameworks";
				PRODUCT_BUNDLE_IDENTIFIER = cl.cariola.tsummary;
				PRODUCT_NAME = "$(TARGET_NAME)";
				SWIFT_VERSION = 4.0;
				TARGETED_DEVICE_FAMILY = "1,2";
				"VALID_ARCHS[sdk=*]" = "arm64 armv7 armv7s x64_86";
			};
			name = Debug;
		};
		DE0E04A21FD0B16E00AE0D7F /* Release */ = {
			isa = XCBuildConfiguration;
			baseConfigurationReference = C77F77B21BE56910049CD9EC /* Pods-tsummary.release.xcconfig */;
			buildSettings = {
				ASSETCATALOG_COMPILER_APPICON_NAME = AppIcon;
				CODE_SIGN_IDENTITY = "iPhone Developer";
				CODE_SIGN_STYLE = Automatic;
				DEVELOPMENT_TEAM = 3RMD9J6PUN;
				INFOPLIST_FILE = tsummary/Info.plist;
				IPHONEOS_DEPLOYMENT_TARGET = 11.2;
				LD_RUNPATH_SEARCH_PATHS = "$(inherited) @executable_path/Frameworks";
				PRODUCT_BUNDLE_IDENTIFIER = cl.cariola.tsummary;
				PRODUCT_NAME = "$(TARGET_NAME)";
				SWIFT_VERSION = 4.0;
				TARGETED_DEVICE_FAMILY = "1,2";
				VALID_ARCHS = "arm64 armv7 armv7s x64_86";
			};
			name = Release;
		};
		DE0E04A41FD0B16E00AE0D7F /* Debug */ = {
			isa = XCBuildConfiguration;
			buildSettings = {
				ALWAYS_EMBED_SWIFT_STANDARD_LIBRARIES = YES;
				BUNDLE_LOADER = "$(TEST_HOST)";
				CODE_SIGN_IDENTITY = "iPhone Developer";
				CODE_SIGN_STYLE = Automatic;
				DEVELOPMENT_TEAM = 3RMD9J6PUN;
				INFOPLIST_FILE = tsummaryTests/Info.plist;
				IPHONEOS_DEPLOYMENT_TARGET = 11.2;
				LD_RUNPATH_SEARCH_PATHS = "$(inherited) @executable_path/Frameworks @loader_path/Frameworks";
				PRODUCT_BUNDLE_IDENTIFIER = cl.cariola.tsummaryTests;
				PRODUCT_NAME = "$(TARGET_NAME)";
				SWIFT_VERSION = 4.0;
				TARGETED_DEVICE_FAMILY = "1,2";
				TEST_HOST = "$(BUILT_PRODUCTS_DIR)/tsummary.app/tsummary";
				"VALID_ARCHS[sdk=*]" = "arm64 armv7 armv7s x64_86";
			};
			name = Debug;
		};
		DE0E04A51FD0B16E00AE0D7F /* Release */ = {
			isa = XCBuildConfiguration;
			buildSettings = {
				ALWAYS_EMBED_SWIFT_STANDARD_LIBRARIES = YES;
				BUNDLE_LOADER = "$(TEST_HOST)";
				CODE_SIGN_IDENTITY = "iPhone Developer";
				CODE_SIGN_STYLE = Automatic;
				DEVELOPMENT_TEAM = 3RMD9J6PUN;
				INFOPLIST_FILE = tsummaryTests/Info.plist;
				IPHONEOS_DEPLOYMENT_TARGET = 11.2;
				LD_RUNPATH_SEARCH_PATHS = "$(inherited) @executable_path/Frameworks @loader_path/Frameworks";
				PRODUCT_BUNDLE_IDENTIFIER = cl.cariola.tsummaryTests;
				PRODUCT_NAME = "$(TARGET_NAME)";
				SWIFT_VERSION = 4.0;
				TARGETED_DEVICE_FAMILY = "1,2";
				TEST_HOST = "$(BUILT_PRODUCTS_DIR)/tsummary.app/tsummary";
				VALID_ARCHS = "arm64 armv7 armv7s x64_86";
			};
			name = Release;
		};
		DE0E04A71FD0B16E00AE0D7F /* Debug */ = {
			isa = XCBuildConfiguration;
			buildSettings = {
				ALWAYS_EMBED_SWIFT_STANDARD_LIBRARIES = YES;
				CODE_SIGN_IDENTITY = "iPhone Developer";
				CODE_SIGN_STYLE = Automatic;
				DEVELOPMENT_TEAM = 3RMD9J6PUN;
				INFOPLIST_FILE = tsummaryUITests/Info.plist;
				IPHONEOS_DEPLOYMENT_TARGET = 11.2;
				LD_RUNPATH_SEARCH_PATHS = "$(inherited) @executable_path/Frameworks @loader_path/Frameworks";
				PRODUCT_BUNDLE_IDENTIFIER = cl.cariola.tsummaryUITests;
				PRODUCT_NAME = "$(TARGET_NAME)";
				SWIFT_VERSION = 4.0;
				TARGETED_DEVICE_FAMILY = "1,2";
				TEST_TARGET_NAME = tsummary;
				"VALID_ARCHS[sdk=*]" = "arm64 armv7 armv7s x64_86";
			};
			name = Debug;
		};
		DE0E04A81FD0B16E00AE0D7F /* Release */ = {
			isa = XCBuildConfiguration;
			buildSettings = {
				ALWAYS_EMBED_SWIFT_STANDARD_LIBRARIES = YES;
				CODE_SIGN_IDENTITY = "iPhone Developer";
				CODE_SIGN_STYLE = Automatic;
				DEVELOPMENT_TEAM = 3RMD9J6PUN;
				INFOPLIST_FILE = tsummaryUITests/Info.plist;
				IPHONEOS_DEPLOYMENT_TARGET = 11.2;
				LD_RUNPATH_SEARCH_PATHS = "$(inherited) @executable_path/Frameworks @loader_path/Frameworks";
				PRODUCT_BUNDLE_IDENTIFIER = cl.cariola.tsummaryUITests;
				PRODUCT_NAME = "$(TARGET_NAME)";
				SWIFT_VERSION = 4.0;
				TARGETED_DEVICE_FAMILY = "1,2";
				TEST_TARGET_NAME = tsummary;
				VALID_ARCHS = "arm64 armv7 armv7s x64_86";
				"VALID_ARCHS[sdk=*]" = "arm64 armv7 armv7s x64_86";
			};
			name = Release;
		};
/* End XCBuildConfiguration section */

/* Begin XCConfigurationList section */
		DE0E04731FD0B16D00AE0D7F /* Build configuration list for PBXProject "tsummary" */ = {
			isa = XCConfigurationList;
			buildConfigurations = (
				DE0E049E1FD0B16E00AE0D7F /* Debug */,
				DE0E049F1FD0B16E00AE0D7F /* Release */,
			);
			defaultConfigurationIsVisible = 0;
			defaultConfigurationName = Release;
		};
		DE0E04A01FD0B16E00AE0D7F /* Build configuration list for PBXNativeTarget "tsummary" */ = {
			isa = XCConfigurationList;
			buildConfigurations = (
				DE0E04A11FD0B16E00AE0D7F /* Debug */,
				DE0E04A21FD0B16E00AE0D7F /* Release */,
			);
			defaultConfigurationIsVisible = 0;
			defaultConfigurationName = Release;
		};
		DE0E04A31FD0B16E00AE0D7F /* Build configuration list for PBXNativeTarget "tsummaryTests" */ = {
			isa = XCConfigurationList;
			buildConfigurations = (
				DE0E04A41FD0B16E00AE0D7F /* Debug */,
				DE0E04A51FD0B16E00AE0D7F /* Release */,
			);
			defaultConfigurationIsVisible = 0;
			defaultConfigurationName = Release;
		};
		DE0E04A61FD0B16E00AE0D7F /* Build configuration list for PBXNativeTarget "tsummaryUITests" */ = {
			isa = XCConfigurationList;
			buildConfigurations = (
				DE0E04A71FD0B16E00AE0D7F /* Debug */,
				DE0E04A81FD0B16E00AE0D7F /* Release */,
			);
			defaultConfigurationIsVisible = 0;
			defaultConfigurationName = Release;
		};
/* End XCConfigurationList section */
	};
	rootObject = DE0E04701FD0B16D00AE0D7F /* Project object */;
}
